
Microsoft Visual Studio Solution File, Format Version 12.00
# Visual Studio Version 16
VisualStudioVersion = 16.0.30225.117
MinimumVisualStudioVersion = 10.0.40219.1
Project("{FAE04EC0-301F-11D3-BF4B-00C04F79EFBC}") = "Scheduler", "Scheduler\Scheduler.csproj", "{FD897DA7-CEE3-4833-ADD4-6F7BB02B2B1F}"
EndProject
Project("{FAE04EC0-301F-11D3-BF4B-00C04F79EFBC}") = "Tests", "Tests\Tests.csproj", "{851103B2-09FA-4AEF-9EF0-98CA24D0935E}"
EndProject
Global
	GlobalSection(SolutionConfigurationPlatforms) = preSolution
		Debug|Any CPU = Debug|Any CPU
		Release|Any CPU = Release|Any CPU
	EndGlobalSection
	GlobalSection(ProjectConfigurationPlatforms) = postSolution
		{FD897DA7-CEE3-4833-ADD4-6F7BB02B2B1F}.Debug|Any CPU.ActiveCfg = Debug|Any CPU
		{FD897DA7-CEE3-4833-ADD4-6F7BB02B2B1F}.Debug|Any CPU.Build.0 = Debug|Any CPU
		{FD897DA7-CEE3-4833-ADD4-6F7BB02B2B1F}.Release|Any CPU.ActiveCfg = Release|Any CPU
		{FD897DA7-CEE3-4833-ADD4-6F7BB02B2B1F}.Release|Any CPU.Build.0 = Release|Any CPU
		{851103B2-09FA-4AEF-9EF0-98CA24D0935E}.Debug|Any CPU.ActiveCfg = Debug|Any CPU
		{851103B2-09FA-4AEF-9EF0-98CA24D0935E}.Debug|Any CPU.Build.0 = Debug|Any CPU
		{851103B2-09FA-4AEF-9EF0-98CA24D0935E}.Release|Any CPU.ActiveCfg = Release|Any CPU
		{851103B2-09FA-4AEF-9EF0-98CA24D0935E}.Release|Any CPU.Build.0 = Release|Any CPU
	EndGlobalSection
	GlobalSection(SolutionProperties) = preSolution
		HideSolutionNode = FALSE
	EndGlobalSection
	GlobalSection(ExtensibilityGlobals) = postSolution
		SolutionGuid = {744E4A70-27D2-4592-BF16-03E0F44ABFBF}
	EndGlobalSection
EndGlobal
